
Microsoft Visual Studio Solution File, Format Version 12.00
# Visual Studio Version 16
VisualStudioVersion = 16.0.32106.194
MinimumVisualStudioVersion = 10.0.40219.1
Project("{FAE04EC0-301F-11D3-BF4B-00C04F79EFBC}") = "InvestmentCalculator", "InvestmentCalculator\InvestmentCalculator.csproj", "{7E1AA865-5DB6-4FD2-8E26-F17A1D1640BB}"
EndProject
Global
	GlobalSection(SolutionConfigurationPlatforms) = preSolution
		Debug|Any CPU = Debug|Any CPU
		Release|Any CPU = Release|Any CPU
	EndGlobalSection
	GlobalSection(ProjectConfigurationPlatforms) = postSolution
		{7E1AA865-5DB6-4FD2-8E26-F17A1D1640BB}.Debug|Any CPU.ActiveCfg = Debug|Any CPU
		{7E1AA865-5DB6-4FD2-8E26-F17A1D1640BB}.Debug|Any CPU.Build.0 = Debug|Any CPU
		{7E1AA865-5DB6-4FD2-8E26-F17A1D1640BB}.Release|Any CPU.ActiveCfg = Release|Any CPU
		{7E1AA865-5DB6-4FD2-8E26-F17A1D1640BB}.Release|Any CPU.Build.0 = Release|Any CPU
	EndGlobalSection
	GlobalSection(SolutionProperties) = preSolution
		HideSolutionNode = FALSE
	EndGlobalSection
	GlobalSection(ExtensibilityGlobals) = postSolution
		SolutionGuid = {58199E11-B0A0-43CC-ADFF-2E504A097EEF}
	EndGlobalSection
EndGlobal
