
Microsoft Visual Studio Solution File, Format Version 12.00
# Visual Studio Version 16
VisualStudioVersion = 16.0.30611.23
MinimumVisualStudioVersion = 10.0.40219.1
Project("{9A19103F-16F7-4668-BE54-9A1E7A4F7556}") = "ClassLibraryGame", "ClassLibraryGame\ClassLibraryGame.csproj", "{6E149452-ACEC-4AC2-ACA6-CF6AEA0C6A95}"
EndProject
Project("{2150E333-8FDC-42A3-9474-1A3956D46DE8}") = "Solution Items", "Solution Items", "{FB79025E-3C5C-43CC-8D10-770CC0114615}"
	ProjectSection(SolutionItems) = preProject
		Class1.cs = Class1.cs
	EndProjectSection
EndProject
Project("{FAE04EC0-301F-11D3-BF4B-00C04F79EFBC}") = "UnitTestProjectGame", "UnitTestProjectGame\UnitTestProjectGame.csproj", "{AD0B64E4-77D3-478F-8BE1-2FA55C922A90}"
EndProject
Global
	GlobalSection(SolutionConfigurationPlatforms) = preSolution
		Debug|Any CPU = Debug|Any CPU
		Release|Any CPU = Release|Any CPU
	EndGlobalSection
	GlobalSection(ProjectConfigurationPlatforms) = postSolution
		{6E149452-ACEC-4AC2-ACA6-CF6AEA0C6A95}.Debug|Any CPU.ActiveCfg = Debug|Any CPU
		{6E149452-ACEC-4AC2-ACA6-CF6AEA0C6A95}.Debug|Any CPU.Build.0 = Debug|Any CPU
		{6E149452-ACEC-4AC2-ACA6-CF6AEA0C6A95}.Release|Any CPU.ActiveCfg = Release|Any CPU
		{6E149452-ACEC-4AC2-ACA6-CF6AEA0C6A95}.Release|Any CPU.Build.0 = Release|Any CPU
		{AD0B64E4-77D3-478F-8BE1-2FA55C922A90}.Debug|Any CPU.ActiveCfg = Debug|Any CPU
		{AD0B64E4-77D3-478F-8BE1-2FA55C922A90}.Debug|Any CPU.Build.0 = Debug|Any CPU
		{AD0B64E4-77D3-478F-8BE1-2FA55C922A90}.Release|Any CPU.ActiveCfg = Release|Any CPU
		{AD0B64E4-77D3-478F-8BE1-2FA55C922A90}.Release|Any CPU.Build.0 = Release|Any CPU
	EndGlobalSection
	GlobalSection(SolutionProperties) = preSolution
		HideSolutionNode = FALSE
	EndGlobalSection
	GlobalSection(ExtensibilityGlobals) = postSolution
		SolutionGuid = {9DB0EEA1-A9E9-4C64-B913-C76E37779AF2}
	EndGlobalSection
EndGlobal
