
Microsoft Visual Studio Solution File, Format Version 12.00
# Visual Studio Version 16
VisualStudioVersion = 16.0.32106.194
MinimumVisualStudioVersion = 10.0.40219.1
Project("{FAE04EC0-301F-11D3-BF4B-00C04F79EFBC}") = "Lab4", "Lab4\Lab4.csproj", "{BC9A5963-CAC0-416D-BB5A-2DF27AA9C33B}"
EndProject
Global
	GlobalSection(SolutionConfigurationPlatforms) = preSolution
		Debug|Any CPU = Debug|Any CPU
		Release|Any CPU = Release|Any CPU
	EndGlobalSection
	GlobalSection(ProjectConfigurationPlatforms) = postSolution
		{BC9A5963-CAC0-416D-BB5A-2DF27AA9C33B}.Debug|Any CPU.ActiveCfg = Debug|Any CPU
		{BC9A5963-CAC0-416D-BB5A-2DF27AA9C33B}.Debug|Any CPU.Build.0 = Debug|Any CPU
		{BC9A5963-CAC0-416D-BB5A-2DF27AA9C33B}.Release|Any CPU.ActiveCfg = Release|Any CPU
		{BC9A5963-CAC0-416D-BB5A-2DF27AA9C33B}.Release|Any CPU.Build.0 = Release|Any CPU
	EndGlobalSection
	GlobalSection(SolutionProperties) = preSolution
		HideSolutionNode = FALSE
	EndGlobalSection
	GlobalSection(ExtensibilityGlobals) = postSolution
		SolutionGuid = {A57D67AF-7343-44D9-B041-F085D9C5B979}
	EndGlobalSection
EndGlobal
